
Microsoft Visual Studio Solution File, Format Version 12.00
# Visual Studio Version 17
VisualStudioVersion = 17.5.33530.505
MinimumVisualStudioVersion = 10.0.40219.1
Project("{9A19103F-16F7-4668-BE54-9A1E7A4F7556}") = "SiSApi", "SiSApi.csproj", "{F8CEEC3E-0318-48F2-B27C-3319F0235A38}"
EndProject
Project("{FAE04EC0-301F-11D3-BF4B-00C04F79EFBC}") = "Sis-Backend.Tests", "..\Sis-Backend.Tests\Sis-Backend.Tests.csproj", "{51A1F729-3CED-4A20-B3F2-A2593B849D1F}"
EndProject
Global
	GlobalSection(SolutionConfigurationPlatforms) = preSolution
		Debug|Any CPU = Debug|Any CPU
		Release|Any CPU = Release|Any CPU
	EndGlobalSection
	GlobalSection(ProjectConfigurationPlatforms) = postSolution
		{F8CEEC3E-0318-48F2-B27C-3319F0235A38}.Debug|Any CPU.ActiveCfg = Debug|Any CPU
		{F8CEEC3E-0318-48F2-B27C-3319F0235A38}.Debug|Any CPU.Build.0 = Debug|Any CPU
		{F8CEEC3E-0318-48F2-B27C-3319F0235A38}.Release|Any CPU.ActiveCfg = Release|Any CPU
		{F8CEEC3E-0318-48F2-B27C-3319F0235A38}.Release|Any CPU.Build.0 = Release|Any CPU
		{51A1F729-3CED-4A20-B3F2-A2593B849D1F}.Debug|Any CPU.ActiveCfg = Debug|Any CPU
		{51A1F729-3CED-4A20-B3F2-A2593B849D1F}.Debug|Any CPU.Build.0 = Debug|Any CPU
		{51A1F729-3CED-4A20-B3F2-A2593B849D1F}.Release|Any CPU.ActiveCfg = Release|Any CPU
		{51A1F729-3CED-4A20-B3F2-A2593B849D1F}.Release|Any CPU.Build.0 = Release|Any CPU
	EndGlobalSection
	GlobalSection(SolutionProperties) = preSolution
		HideSolutionNode = FALSE
	EndGlobalSection
	GlobalSection(ExtensibilityGlobals) = postSolution
		SolutionGuid = {2082603D-51C8-4C30-8B12-1A5C48E77D7C}
	EndGlobalSection
EndGlobal
